
Microsoft Visual Studio Solution File, Format Version 12.00
# Visual Studio 15
VisualStudioVersion = 15.0.27130.2026
MinimumVisualStudioVersion = 10.0.40219.1
Project("{FAE04EC0-301F-11D3-BF4B-00C04F79EFBC}") = "BAWGUI.Xml", "BAWGUI.Xml\BAWGUI.Xml.csproj", "{B948A304-8616-4D5F-9563-9805F8A506C2}"
EndProject
Project("{FAE04EC0-301F-11D3-BF4B-00C04F79EFBC}") = "BAWGUI.Results", "BAWGUI.Results\BAWGUI.Results.csproj", "{65FBB914-5DF7-4008-AB31-6E1A609327E5}"
	ProjectSection(ProjectDependencies) = postProject
		{BF338BCB-0788-4DE9-8D78-5DB5142FBF27} = {BF338BCB-0788-4DE9-8D78-5DB5142FBF27}
	EndProjectSection
EndProject
Project("{2150E333-8FDC-42A3-9474-1A3956D46DE8}") = ".nuget", ".nuget", "{AE14B546-5EB6-44B4-9629-1285319B107D}"
	ProjectSection(SolutionItems) = preProject
		.nuget\packages.config = .nuget\packages.config
	EndProjectSection
EndProject
Project("{FAE04EC0-301F-11D3-BF4B-00C04F79EFBC}") = "BAWGUI.Test", "BAWGUI.Test\BAWGUI.Test.csproj", "{6171CA6B-5C9B-4502-BE08-C2E1B050838F}"
	ProjectSection(ProjectDependencies) = postProject
		{65FBB914-5DF7-4008-AB31-6E1A609327E5} = {65FBB914-5DF7-4008-AB31-6E1A609327E5}
		{135EE078-0D3D-4374-A947-7DD64D83B159} = {135EE078-0D3D-4374-A947-7DD64D83B159}
		{BF338BCB-0788-4DE9-8D78-5DB5142FBF27} = {BF338BCB-0788-4DE9-8D78-5DB5142FBF27}
	EndProjectSection
EndProject
Project("{FAE04EC0-301F-11D3-BF4B-00C04F79EFBC}") = "BAWGUI.RunMATLAB", "BAWGUI.RunMATLAB\BAWGUI.RunMATLAB.csproj", "{BF338BCB-0788-4DE9-8D78-5DB5142FBF27}"
	ProjectSection(ProjectDependencies) = postProject
		{B948A304-8616-4D5F-9563-9805F8A506C2} = {B948A304-8616-4D5F-9563-9805F8A506C2}
	EndProjectSection
EndProject
Project("{D954291E-2A0B-460D-934E-DC6B0785DB48}") = "BAWGUI.Resources", "BAWGUI.Resources\BAWGUI.Resources.shproj", "{C90F12F9-9E00-411C-9B5A-58564D512918}"
EndProject
Project("{F184B08F-C81C-45F6-A57F-5ABD9991F28F}") = "BAWGUI", "BAWGUI\BAWGUI.vbproj", "{135EE078-0D3D-4374-A947-7DD64D83B159}"
	ProjectSection(ProjectDependencies) = postProject
		{B948A304-8616-4D5F-9563-9805F8A506C2} = {B948A304-8616-4D5F-9563-9805F8A506C2}
		{BF338BCB-0788-4DE9-8D78-5DB5142FBF27} = {BF338BCB-0788-4DE9-8D78-5DB5142FBF27}
	EndProjectSection
EndProject
Global
	GlobalSection(SharedMSBuildProjectFiles) = preSolution
		BAWGUI.Resources\Resources.projitems*{bf338bcb-0788-4de9-8d78-5db5142fbf27}*SharedItemsImports = 4
		BAWGUI.Resources\Resources.projitems*{c90f12f9-9e00-411c-9b5a-58564d512918}*SharedItemsImports = 13
	EndGlobalSection
	GlobalSection(SolutionConfigurationPlatforms) = preSolution
		Debug|Any CPU = Debug|Any CPU
		Debug|x64 = Debug|x64
		Release|Any CPU = Release|Any CPU
		Release|x64 = Release|x64
	EndGlobalSection
	GlobalSection(ProjectConfigurationPlatforms) = postSolution
		{B948A304-8616-4D5F-9563-9805F8A506C2}.Debug|Any CPU.ActiveCfg = Debug|Any CPU
		{B948A304-8616-4D5F-9563-9805F8A506C2}.Debug|Any CPU.Build.0 = Debug|Any CPU
		{B948A304-8616-4D5F-9563-9805F8A506C2}.Debug|x64.ActiveCfg = Debug|x64
		{B948A304-8616-4D5F-9563-9805F8A506C2}.Debug|x64.Build.0 = Debug|x64
		{B948A304-8616-4D5F-9563-9805F8A506C2}.Release|Any CPU.ActiveCfg = Release|Any CPU
		{B948A304-8616-4D5F-9563-9805F8A506C2}.Release|Any CPU.Build.0 = Release|Any CPU
		{B948A304-8616-4D5F-9563-9805F8A506C2}.Release|x64.ActiveCfg = Release|x64
		{B948A304-8616-4D5F-9563-9805F8A506C2}.Release|x64.Build.0 = Release|x64
		{65FBB914-5DF7-4008-AB31-6E1A609327E5}.Debug|Any CPU.ActiveCfg = Debug|Any CPU
		{65FBB914-5DF7-4008-AB31-6E1A609327E5}.Debug|Any CPU.Build.0 = Debug|Any CPU
		{65FBB914-5DF7-4008-AB31-6E1A609327E5}.Debug|x64.ActiveCfg = Debug|x64
		{65FBB914-5DF7-4008-AB31-6E1A609327E5}.Debug|x64.Build.0 = Debug|x64
		{65FBB914-5DF7-4008-AB31-6E1A609327E5}.Release|Any CPU.ActiveCfg = Release|Any CPU
		{65FBB914-5DF7-4008-AB31-6E1A609327E5}.Release|Any CPU.Build.0 = Release|Any CPU
		{65FBB914-5DF7-4008-AB31-6E1A609327E5}.Release|x64.ActiveCfg = Release|x64
		{65FBB914-5DF7-4008-AB31-6E1A609327E5}.Release|x64.Build.0 = Release|x64
		{6171CA6B-5C9B-4502-BE08-C2E1B050838F}.Debug|Any CPU.ActiveCfg = Debug|x64
		{6171CA6B-5C9B-4502-BE08-C2E1B050838F}.Debug|Any CPU.Build.0 = Debug|x64
		{6171CA6B-5C9B-4502-BE08-C2E1B050838F}.Debug|x64.ActiveCfg = Debug|x64
		{6171CA6B-5C9B-4502-BE08-C2E1B050838F}.Debug|x64.Build.0 = Debug|x64
		{6171CA6B-5C9B-4502-BE08-C2E1B050838F}.Release|Any CPU.ActiveCfg = Release|Any CPU
		{6171CA6B-5C9B-4502-BE08-C2E1B050838F}.Release|Any CPU.Build.0 = Release|Any CPU
		{6171CA6B-5C9B-4502-BE08-C2E1B050838F}.Release|x64.ActiveCfg = Release|x64
		{6171CA6B-5C9B-4502-BE08-C2E1B050838F}.Release|x64.Build.0 = Release|x64
		{BF338BCB-0788-4DE9-8D78-5DB5142FBF27}.Debug|Any CPU.ActiveCfg = Debug|x64
		{BF338BCB-0788-4DE9-8D78-5DB5142FBF27}.Debug|Any CPU.Build.0 = Debug|x64
		{BF338BCB-0788-4DE9-8D78-5DB5142FBF27}.Debug|x64.ActiveCfg = Debug|x64
		{BF338BCB-0788-4DE9-8D78-5DB5142FBF27}.Debug|x64.Build.0 = Debug|x64
		{BF338BCB-0788-4DE9-8D78-5DB5142FBF27}.Release|Any CPU.ActiveCfg = Release|Any CPU
		{BF338BCB-0788-4DE9-8D78-5DB5142FBF27}.Release|Any CPU.Build.0 = Release|Any CPU
		{BF338BCB-0788-4DE9-8D78-5DB5142FBF27}.Release|x64.ActiveCfg = Release|x64
		{BF338BCB-0788-4DE9-8D78-5DB5142FBF27}.Release|x64.Build.0 = Release|x64
		{135EE078-0D3D-4374-A947-7DD64D83B159}.Debug|Any CPU.ActiveCfg = Debug|x64
		{135EE078-0D3D-4374-A947-7DD64D83B159}.Debug|Any CPU.Build.0 = Debug|x64
		{135EE078-0D3D-4374-A947-7DD64D83B159}.Debug|x64.ActiveCfg = Debug|x64
		{135EE078-0D3D-4374-A947-7DD64D83B159}.Debug|x64.Build.0 = Debug|x64
		{135EE078-0D3D-4374-A947-7DD64D83B159}.Release|Any CPU.ActiveCfg = Release|Any CPU
		{135EE078-0D3D-4374-A947-7DD64D83B159}.Release|Any CPU.Build.0 = Release|Any CPU
		{135EE078-0D3D-4374-A947-7DD64D83B159}.Release|x64.ActiveCfg = Release|x64
		{135EE078-0D3D-4374-A947-7DD64D83B159}.Release|x64.Build.0 = Release|x64
	EndGlobalSection
	GlobalSection(SolutionProperties) = preSolution
		HideSolutionNode = FALSE
	EndGlobalSection
	GlobalSection(ExtensibilityGlobals) = postSolution
		SolutionGuid = {36168D44-17DA-4C2E-90AA-ABC0E4CDAEA8}
	EndGlobalSection
EndGlobal
