
Microsoft Visual Studio Solution File, Format Version 12.00
# Visual Studio 15
VisualStudioVersion = 15.0.27130.2026
MinimumVisualStudioVersion = 10.0.40219.1
Project("{FAE04EC0-301F-11D3-BF4B-00C04F79EFBC}") = "BAWGUI.Xml", "BAWGUI.Xml\BAWGUI.Xml.csproj", "{B948A304-8616-4D5F-9563-9805F8A506C2}"
EndProject
Project("{FAE04EC0-301F-11D3-BF4B-00C04F79EFBC}") = "BAWGUI.Results", "BAWGUI.Results\BAWGUI.Results.csproj", "{65FBB914-5DF7-4008-AB31-6E1A609327E5}"
	ProjectSection(ProjectDependencies) = postProject
		{EFA1218F-366B-4F26-B9D9-C958BAA1ECDF} = {EFA1218F-366B-4F26-B9D9-C958BAA1ECDF}
		{BF338BCB-0788-4DE9-8D78-5DB5142FBF27} = {BF338BCB-0788-4DE9-8D78-5DB5142FBF27}
	EndProjectSection
EndProject
Project("{2150E333-8FDC-42A3-9474-1A3956D46DE8}") = ".nuget", ".nuget", "{AE14B546-5EB6-44B4-9629-1285319B107D}"
	ProjectSection(SolutionItems) = preProject
		.nuget\packages.config = .nuget\packages.config
	EndProjectSection
EndProject
Project("{FAE04EC0-301F-11D3-BF4B-00C04F79EFBC}") = "BAWGUI.Test", "BAWGUI.Test\BAWGUI.Test.csproj", "{6171CA6B-5C9B-4502-BE08-C2E1B050838F}"
	ProjectSection(ProjectDependencies) = postProject
		{65FBB914-5DF7-4008-AB31-6E1A609327E5} = {65FBB914-5DF7-4008-AB31-6E1A609327E5}
		{EFA1218F-366B-4F26-B9D9-C958BAA1ECDF} = {EFA1218F-366B-4F26-B9D9-C958BAA1ECDF}
		{BF338BCB-0788-4DE9-8D78-5DB5142FBF27} = {BF338BCB-0788-4DE9-8D78-5DB5142FBF27}
		{F1AAAAD2-4AEF-420F-B02B-89BC926FDB81} = {F1AAAAD2-4AEF-420F-B02B-89BC926FDB81}
	EndProjectSection
EndProject
Project("{D954291E-2A0B-460D-934E-DC6B0785DB48}") = "BAWGUI.Resources", "BAWGUI.Resources\BAWGUI.Resources.shproj", "{C90F12F9-9E00-411C-9B5A-58564D512918}"
EndProject
Project("{FAE04EC0-301F-11D3-BF4B-00C04F79EFBC}") = "BAWGUI.RunMATLAB", "BAWGUI.RunMATLAB\BAWGUI.RunMATLAB.csproj", "{BF338BCB-0788-4DE9-8D78-5DB5142FBF27}"
	ProjectSection(ProjectDependencies) = postProject
		{B948A304-8616-4D5F-9563-9805F8A506C2} = {B948A304-8616-4D5F-9563-9805F8A506C2}
		{EFA1218F-366B-4F26-B9D9-C958BAA1ECDF} = {EFA1218F-366B-4F26-B9D9-C958BAA1ECDF}
	EndProjectSection
EndProject
Project("{FAE04EC0-301F-11D3-BF4B-00C04F79EFBC}") = "BAWGUI", "BAWGUI\BAWGUI.csproj", "{F1AAAAD2-4AEF-420F-B02B-89BC926FDB81}"
	ProjectSection(ProjectDependencies) = postProject
		{B948A304-8616-4D5F-9563-9805F8A506C2} = {B948A304-8616-4D5F-9563-9805F8A506C2}
		{65FBB914-5DF7-4008-AB31-6E1A609327E5} = {65FBB914-5DF7-4008-AB31-6E1A609327E5}
		{B9B8C18B-9958-4B16-ABE5-F075AAF346FB} = {B9B8C18B-9958-4B16-ABE5-F075AAF346FB}
		{EFA1218F-366B-4F26-B9D9-C958BAA1ECDF} = {EFA1218F-366B-4F26-B9D9-C958BAA1ECDF}
		{45B27EC1-0A7D-4B08-A11E-04001E70F316} = {45B27EC1-0A7D-4B08-A11E-04001E70F316}
		{BF338BCB-0788-4DE9-8D78-5DB5142FBF27} = {BF338BCB-0788-4DE9-8D78-5DB5142FBF27}
		{0EDC5FEF-A2E3-4D51-8079-FC5499C08EBC} = {0EDC5FEF-A2E3-4D51-8079-FC5499C08EBC}
	EndProjectSection
EndProject
Project("{F184B08F-C81C-45F6-A57F-5ABD9991F28F}") = "BAWGUI.Settings", "BAWGUI.Settings\BAWGUI.Settings.vbproj", "{0EDC5FEF-A2E3-4D51-8079-FC5499C08EBC}"
	ProjectSection(ProjectDependencies) = postProject
		{B948A304-8616-4D5F-9563-9805F8A506C2} = {B948A304-8616-4D5F-9563-9805F8A506C2}
		{65FBB914-5DF7-4008-AB31-6E1A609327E5} = {65FBB914-5DF7-4008-AB31-6E1A609327E5}
		{EFA1218F-366B-4F26-B9D9-C958BAA1ECDF} = {EFA1218F-366B-4F26-B9D9-C958BAA1ECDF}
		{45B27EC1-0A7D-4B08-A11E-04001E70F316} = {45B27EC1-0A7D-4B08-A11E-04001E70F316}
		{BF338BCB-0788-4DE9-8D78-5DB5142FBF27} = {BF338BCB-0788-4DE9-8D78-5DB5142FBF27}
	EndProjectSection
EndProject
Project("{FAE04EC0-301F-11D3-BF4B-00C04F79EFBC}") = "BAWGUI.Core", "BAWGUI.Core\BAWGUI.Core.csproj", "{EFA1218F-366B-4F26-B9D9-C958BAA1ECDF}"
EndProject
Project("{FAE04EC0-301F-11D3-BF4B-00C04F79EFBC}") = "BAWGUI.ReadConfigXml", "BAWGUI.ReadConfigXml\BAWGUI.ReadConfigXml.csproj", "{45B27EC1-0A7D-4B08-A11E-04001E70F316}"
EndProject
Project("{FAE04EC0-301F-11D3-BF4B-00C04F79EFBC}") = "BAWGUI.SignalManagement", "BAWGUI.SignalManagement\BAWGUI.SignalManagement.csproj", "{E0ACA34C-2C13-4E98-944D-A419BDD2D116}"
	ProjectSection(ProjectDependencies) = postProject
		{45B27EC1-0A7D-4B08-A11E-04001E70F316} = {45B27EC1-0A7D-4B08-A11E-04001E70F316}
		{BF338BCB-0788-4DE9-8D78-5DB5142FBF27} = {BF338BCB-0788-4DE9-8D78-5DB5142FBF27}
	EndProjectSection
EndProject
Project("{FAE04EC0-301F-11D3-BF4B-00C04F79EFBC}") = "BAWGUI.Utilities", "BAWGUI.Utilities\BAWGUI.Utilities.csproj", "{B9B8C18B-9958-4B16-ABE5-F075AAF346FB}"
EndProject
Project("{F184B08F-C81C-45F6-A57F-5ABD9991F28F}") = "BAWGUI.CSVDataReader", "BAWGUI.CSVDataReader\BAWGUI.CSVDataReader.vbproj", "{8F7554F6-9D76-4BD4-BE7F-E358D309BB89}"
EndProject
Project("{FAE04EC0-301F-11D3-BF4B-00C04F79EFBC}") = "BAWGUI.MATLABRunResults", "BAWGUI.MATLABRunResults\BAWGUI.MATLABRunResults.csproj", "{967B98DE-8ED1-4F8A-9C26-C3C9255F8EB8}"
EndProject
Global
	GlobalSection(SharedMSBuildProjectFiles) = preSolution
		BAWGUI.Resources\Resources.projitems*{bf338bcb-0788-4de9-8d78-5db5142fbf27}*SharedItemsImports = 4
		BAWGUI.Resources\Resources.projitems*{c90f12f9-9e00-411c-9b5a-58564d512918}*SharedItemsImports = 13
	EndGlobalSection
	GlobalSection(SolutionConfigurationPlatforms) = preSolution
		Debug|Any CPU = Debug|Any CPU
		Debug|x64 = Debug|x64
		Debug|x86 = Debug|x86
		Release|Any CPU = Release|Any CPU
		Release|x64 = Release|x64
		Release|x86 = Release|x86
	EndGlobalSection
	GlobalSection(ProjectConfigurationPlatforms) = postSolution
		{B948A304-8616-4D5F-9563-9805F8A506C2}.Debug|Any CPU.ActiveCfg = Debug|Any CPU
		{B948A304-8616-4D5F-9563-9805F8A506C2}.Debug|Any CPU.Build.0 = Debug|Any CPU
		{B948A304-8616-4D5F-9563-9805F8A506C2}.Debug|x64.ActiveCfg = Debug|x64
		{B948A304-8616-4D5F-9563-9805F8A506C2}.Debug|x64.Build.0 = Debug|x64
		{B948A304-8616-4D5F-9563-9805F8A506C2}.Debug|x86.ActiveCfg = Debug|x86
		{B948A304-8616-4D5F-9563-9805F8A506C2}.Debug|x86.Build.0 = Debug|x86
		{B948A304-8616-4D5F-9563-9805F8A506C2}.Release|Any CPU.ActiveCfg = Release|Any CPU
		{B948A304-8616-4D5F-9563-9805F8A506C2}.Release|Any CPU.Build.0 = Release|Any CPU
		{B948A304-8616-4D5F-9563-9805F8A506C2}.Release|x64.ActiveCfg = Release|x64
		{B948A304-8616-4D5F-9563-9805F8A506C2}.Release|x64.Build.0 = Release|x64
		{B948A304-8616-4D5F-9563-9805F8A506C2}.Release|x86.ActiveCfg = Release|Any CPU
		{B948A304-8616-4D5F-9563-9805F8A506C2}.Release|x86.Build.0 = Release|Any CPU
		{65FBB914-5DF7-4008-AB31-6E1A609327E5}.Debug|Any CPU.ActiveCfg = Debug|Any CPU
		{65FBB914-5DF7-4008-AB31-6E1A609327E5}.Debug|Any CPU.Build.0 = Debug|Any CPU
		{65FBB914-5DF7-4008-AB31-6E1A609327E5}.Debug|x64.ActiveCfg = Debug|x64
		{65FBB914-5DF7-4008-AB31-6E1A609327E5}.Debug|x64.Build.0 = Debug|x64
		{65FBB914-5DF7-4008-AB31-6E1A609327E5}.Debug|x86.ActiveCfg = Debug|x86
		{65FBB914-5DF7-4008-AB31-6E1A609327E5}.Debug|x86.Build.0 = Debug|x86
		{65FBB914-5DF7-4008-AB31-6E1A609327E5}.Release|Any CPU.ActiveCfg = Release|Any CPU
		{65FBB914-5DF7-4008-AB31-6E1A609327E5}.Release|Any CPU.Build.0 = Release|Any CPU
		{65FBB914-5DF7-4008-AB31-6E1A609327E5}.Release|x64.ActiveCfg = Release|x64
		{65FBB914-5DF7-4008-AB31-6E1A609327E5}.Release|x64.Build.0 = Release|x64
		{65FBB914-5DF7-4008-AB31-6E1A609327E5}.Release|x86.ActiveCfg = Release|Any CPU
		{65FBB914-5DF7-4008-AB31-6E1A609327E5}.Release|x86.Build.0 = Release|Any CPU
		{6171CA6B-5C9B-4502-BE08-C2E1B050838F}.Debug|Any CPU.ActiveCfg = Debug|Any CPU
		{6171CA6B-5C9B-4502-BE08-C2E1B050838F}.Debug|Any CPU.Build.0 = Debug|Any CPU
		{6171CA6B-5C9B-4502-BE08-C2E1B050838F}.Debug|x64.ActiveCfg = Debug|x64
		{6171CA6B-5C9B-4502-BE08-C2E1B050838F}.Debug|x64.Build.0 = Debug|x64
		{6171CA6B-5C9B-4502-BE08-C2E1B050838F}.Debug|x86.ActiveCfg = Debug|x86
		{6171CA6B-5C9B-4502-BE08-C2E1B050838F}.Debug|x86.Build.0 = Debug|x86
		{6171CA6B-5C9B-4502-BE08-C2E1B050838F}.Release|Any CPU.ActiveCfg = Release|Any CPU
		{6171CA6B-5C9B-4502-BE08-C2E1B050838F}.Release|Any CPU.Build.0 = Release|Any CPU
		{6171CA6B-5C9B-4502-BE08-C2E1B050838F}.Release|x64.ActiveCfg = Release|x64
		{6171CA6B-5C9B-4502-BE08-C2E1B050838F}.Release|x64.Build.0 = Release|x64
		{6171CA6B-5C9B-4502-BE08-C2E1B050838F}.Release|x86.ActiveCfg = Release|Any CPU
		{6171CA6B-5C9B-4502-BE08-C2E1B050838F}.Release|x86.Build.0 = Release|Any CPU
		{BF338BCB-0788-4DE9-8D78-5DB5142FBF27}.Debug|Any CPU.ActiveCfg = Debug|x64
		{BF338BCB-0788-4DE9-8D78-5DB5142FBF27}.Debug|Any CPU.Build.0 = Debug|x64
		{BF338BCB-0788-4DE9-8D78-5DB5142FBF27}.Debug|x64.ActiveCfg = Debug|x64
		{BF338BCB-0788-4DE9-8D78-5DB5142FBF27}.Debug|x64.Build.0 = Debug|x64
		{BF338BCB-0788-4DE9-8D78-5DB5142FBF27}.Debug|x86.ActiveCfg = Debug|x86
		{BF338BCB-0788-4DE9-8D78-5DB5142FBF27}.Debug|x86.Build.0 = Debug|x86
		{BF338BCB-0788-4DE9-8D78-5DB5142FBF27}.Release|Any CPU.ActiveCfg = Release|Any CPU
		{BF338BCB-0788-4DE9-8D78-5DB5142FBF27}.Release|Any CPU.Build.0 = Release|Any CPU
		{BF338BCB-0788-4DE9-8D78-5DB5142FBF27}.Release|x64.ActiveCfg = Release|x64
		{BF338BCB-0788-4DE9-8D78-5DB5142FBF27}.Release|x64.Build.0 = Release|x64
		{BF338BCB-0788-4DE9-8D78-5DB5142FBF27}.Release|x86.ActiveCfg = Release|Any CPU
		{BF338BCB-0788-4DE9-8D78-5DB5142FBF27}.Release|x86.Build.0 = Release|Any CPU
		{F1AAAAD2-4AEF-420F-B02B-89BC926FDB81}.Debug|Any CPU.ActiveCfg = Debug|Any CPU
		{F1AAAAD2-4AEF-420F-B02B-89BC926FDB81}.Debug|Any CPU.Build.0 = Debug|Any CPU
		{F1AAAAD2-4AEF-420F-B02B-89BC926FDB81}.Debug|x64.ActiveCfg = Debug|x64
		{F1AAAAD2-4AEF-420F-B02B-89BC926FDB81}.Debug|x64.Build.0 = Debug|x64
		{F1AAAAD2-4AEF-420F-B02B-89BC926FDB81}.Debug|x86.ActiveCfg = Debug|x86
		{F1AAAAD2-4AEF-420F-B02B-89BC926FDB81}.Debug|x86.Build.0 = Debug|x86
		{F1AAAAD2-4AEF-420F-B02B-89BC926FDB81}.Release|Any CPU.ActiveCfg = Release|Any CPU
		{F1AAAAD2-4AEF-420F-B02B-89BC926FDB81}.Release|Any CPU.Build.0 = Release|Any CPU
		{F1AAAAD2-4AEF-420F-B02B-89BC926FDB81}.Release|x64.ActiveCfg = Release|x64
		{F1AAAAD2-4AEF-420F-B02B-89BC926FDB81}.Release|x64.Build.0 = Release|x64
		{F1AAAAD2-4AEF-420F-B02B-89BC926FDB81}.Release|x86.ActiveCfg = Release|Any CPU
		{F1AAAAD2-4AEF-420F-B02B-89BC926FDB81}.Release|x86.Build.0 = Release|Any CPU
		{0EDC5FEF-A2E3-4D51-8079-FC5499C08EBC}.Debug|Any CPU.ActiveCfg = Debug|Any CPU
		{0EDC5FEF-A2E3-4D51-8079-FC5499C08EBC}.Debug|Any CPU.Build.0 = Debug|Any CPU
		{0EDC5FEF-A2E3-4D51-8079-FC5499C08EBC}.Debug|x64.ActiveCfg = Debug|x64
		{0EDC5FEF-A2E3-4D51-8079-FC5499C08EBC}.Debug|x64.Build.0 = Debug|x64
		{0EDC5FEF-A2E3-4D51-8079-FC5499C08EBC}.Debug|x86.ActiveCfg = Debug|x86
		{0EDC5FEF-A2E3-4D51-8079-FC5499C08EBC}.Debug|x86.Build.0 = Debug|x86
		{0EDC5FEF-A2E3-4D51-8079-FC5499C08EBC}.Release|Any CPU.ActiveCfg = Release|Any CPU
		{0EDC5FEF-A2E3-4D51-8079-FC5499C08EBC}.Release|Any CPU.Build.0 = Release|Any CPU
		{0EDC5FEF-A2E3-4D51-8079-FC5499C08EBC}.Release|x64.ActiveCfg = Release|x64
		{0EDC5FEF-A2E3-4D51-8079-FC5499C08EBC}.Release|x64.Build.0 = Release|x64
		{0EDC5FEF-A2E3-4D51-8079-FC5499C08EBC}.Release|x86.ActiveCfg = Release|Any CPU
		{0EDC5FEF-A2E3-4D51-8079-FC5499C08EBC}.Release|x86.Build.0 = Release|Any CPU
		{EFA1218F-366B-4F26-B9D9-C958BAA1ECDF}.Debug|Any CPU.ActiveCfg = Debug|Any CPU
		{EFA1218F-366B-4F26-B9D9-C958BAA1ECDF}.Debug|Any CPU.Build.0 = Debug|Any CPU
		{EFA1218F-366B-4F26-B9D9-C958BAA1ECDF}.Debug|x64.ActiveCfg = Debug|x64
		{EFA1218F-366B-4F26-B9D9-C958BAA1ECDF}.Debug|x64.Build.0 = Debug|x64
		{EFA1218F-366B-4F26-B9D9-C958BAA1ECDF}.Debug|x86.ActiveCfg = Debug|Any CPU
		{EFA1218F-366B-4F26-B9D9-C958BAA1ECDF}.Debug|x86.Build.0 = Debug|Any CPU
		{EFA1218F-366B-4F26-B9D9-C958BAA1ECDF}.Release|Any CPU.ActiveCfg = Release|Any CPU
		{EFA1218F-366B-4F26-B9D9-C958BAA1ECDF}.Release|Any CPU.Build.0 = Release|Any CPU
		{EFA1218F-366B-4F26-B9D9-C958BAA1ECDF}.Release|x64.ActiveCfg = Release|x64
		{EFA1218F-366B-4F26-B9D9-C958BAA1ECDF}.Release|x64.Build.0 = Release|x64
		{EFA1218F-366B-4F26-B9D9-C958BAA1ECDF}.Release|x86.ActiveCfg = Release|Any CPU
		{EFA1218F-366B-4F26-B9D9-C958BAA1ECDF}.Release|x86.Build.0 = Release|Any CPU
		{45B27EC1-0A7D-4B08-A11E-04001E70F316}.Debug|Any CPU.ActiveCfg = Debug|Any CPU
		{45B27EC1-0A7D-4B08-A11E-04001E70F316}.Debug|Any CPU.Build.0 = Debug|Any CPU
		{45B27EC1-0A7D-4B08-A11E-04001E70F316}.Debug|x64.ActiveCfg = Debug|x64
		{45B27EC1-0A7D-4B08-A11E-04001E70F316}.Debug|x64.Build.0 = Debug|x64
		{45B27EC1-0A7D-4B08-A11E-04001E70F316}.Debug|x86.ActiveCfg = Debug|Any CPU
		{45B27EC1-0A7D-4B08-A11E-04001E70F316}.Debug|x86.Build.0 = Debug|Any CPU
		{45B27EC1-0A7D-4B08-A11E-04001E70F316}.Release|Any CPU.ActiveCfg = Release|Any CPU
		{45B27EC1-0A7D-4B08-A11E-04001E70F316}.Release|Any CPU.Build.0 = Release|Any CPU
		{45B27EC1-0A7D-4B08-A11E-04001E70F316}.Release|x64.ActiveCfg = Release|x64
		{45B27EC1-0A7D-4B08-A11E-04001E70F316}.Release|x64.Build.0 = Release|x64
		{45B27EC1-0A7D-4B08-A11E-04001E70F316}.Release|x86.ActiveCfg = Release|Any CPU
		{45B27EC1-0A7D-4B08-A11E-04001E70F316}.Release|x86.Build.0 = Release|Any CPU
		{E0ACA34C-2C13-4E98-944D-A419BDD2D116}.Debug|Any CPU.ActiveCfg = Debug|Any CPU
		{E0ACA34C-2C13-4E98-944D-A419BDD2D116}.Debug|Any CPU.Build.0 = Debug|Any CPU
		{E0ACA34C-2C13-4E98-944D-A419BDD2D116}.Debug|x64.ActiveCfg = Debug|x64
		{E0ACA34C-2C13-4E98-944D-A419BDD2D116}.Debug|x64.Build.0 = Debug|x64
		{E0ACA34C-2C13-4E98-944D-A419BDD2D116}.Debug|x86.ActiveCfg = Debug|Any CPU
		{E0ACA34C-2C13-4E98-944D-A419BDD2D116}.Debug|x86.Build.0 = Debug|Any CPU
		{E0ACA34C-2C13-4E98-944D-A419BDD2D116}.Release|Any CPU.ActiveCfg = Release|Any CPU
		{E0ACA34C-2C13-4E98-944D-A419BDD2D116}.Release|Any CPU.Build.0 = Release|Any CPU
		{E0ACA34C-2C13-4E98-944D-A419BDD2D116}.Release|x64.ActiveCfg = Release|x64
		{E0ACA34C-2C13-4E98-944D-A419BDD2D116}.Release|x64.Build.0 = Release|x64
		{E0ACA34C-2C13-4E98-944D-A419BDD2D116}.Release|x86.ActiveCfg = Release|Any CPU
		{E0ACA34C-2C13-4E98-944D-A419BDD2D116}.Release|x86.Build.0 = Release|Any CPU
		{B9B8C18B-9958-4B16-ABE5-F075AAF346FB}.Debug|Any CPU.ActiveCfg = Debug|Any CPU
		{B9B8C18B-9958-4B16-ABE5-F075AAF346FB}.Debug|Any CPU.Build.0 = Debug|Any CPU
		{B9B8C18B-9958-4B16-ABE5-F075AAF346FB}.Debug|x64.ActiveCfg = Debug|x64
		{B9B8C18B-9958-4B16-ABE5-F075AAF346FB}.Debug|x64.Build.0 = Debug|x64
		{B9B8C18B-9958-4B16-ABE5-F075AAF346FB}.Debug|x86.ActiveCfg = Debug|Any CPU
		{B9B8C18B-9958-4B16-ABE5-F075AAF346FB}.Debug|x86.Build.0 = Debug|Any CPU
		{B9B8C18B-9958-4B16-ABE5-F075AAF346FB}.Release|Any CPU.ActiveCfg = Release|Any CPU
		{B9B8C18B-9958-4B16-ABE5-F075AAF346FB}.Release|Any CPU.Build.0 = Release|Any CPU
		{B9B8C18B-9958-4B16-ABE5-F075AAF346FB}.Release|x64.ActiveCfg = Release|x64
		{B9B8C18B-9958-4B16-ABE5-F075AAF346FB}.Release|x64.Build.0 = Release|x64
		{B9B8C18B-9958-4B16-ABE5-F075AAF346FB}.Release|x86.ActiveCfg = Release|Any CPU
		{B9B8C18B-9958-4B16-ABE5-F075AAF346FB}.Release|x86.Build.0 = Release|Any CPU
		{8F7554F6-9D76-4BD4-BE7F-E358D309BB89}.Debug|Any CPU.ActiveCfg = Debug|Any CPU
		{8F7554F6-9D76-4BD4-BE7F-E358D309BB89}.Debug|Any CPU.Build.0 = Debug|Any CPU
		{8F7554F6-9D76-4BD4-BE7F-E358D309BB89}.Debug|x64.ActiveCfg = Debug|x64
		{8F7554F6-9D76-4BD4-BE7F-E358D309BB89}.Debug|x64.Build.0 = Debug|x64
		{8F7554F6-9D76-4BD4-BE7F-E358D309BB89}.Debug|x86.ActiveCfg = Debug|Any CPU
		{8F7554F6-9D76-4BD4-BE7F-E358D309BB89}.Debug|x86.Build.0 = Debug|Any CPU
		{8F7554F6-9D76-4BD4-BE7F-E358D309BB89}.Release|Any CPU.ActiveCfg = Release|Any CPU
		{8F7554F6-9D76-4BD4-BE7F-E358D309BB89}.Release|Any CPU.Build.0 = Release|Any CPU
		{8F7554F6-9D76-4BD4-BE7F-E358D309BB89}.Release|x64.ActiveCfg = Release|x64
		{8F7554F6-9D76-4BD4-BE7F-E358D309BB89}.Release|x64.Build.0 = Release|x64
		{8F7554F6-9D76-4BD4-BE7F-E358D309BB89}.Release|x86.ActiveCfg = Release|Any CPU
		{8F7554F6-9D76-4BD4-BE7F-E358D309BB89}.Release|x86.Build.0 = Release|Any CPU
		{967B98DE-8ED1-4F8A-9C26-C3C9255F8EB8}.Debug|Any CPU.ActiveCfg = Debug|Any CPU
		{967B98DE-8ED1-4F8A-9C26-C3C9255F8EB8}.Debug|Any CPU.Build.0 = Debug|Any CPU
		{967B98DE-8ED1-4F8A-9C26-C3C9255F8EB8}.Debug|x64.ActiveCfg = Debug|x64
		{967B98DE-8ED1-4F8A-9C26-C3C9255F8EB8}.Debug|x64.Build.0 = Debug|x64
		{967B98DE-8ED1-4F8A-9C26-C3C9255F8EB8}.Debug|x86.ActiveCfg = Debug|Any CPU
		{967B98DE-8ED1-4F8A-9C26-C3C9255F8EB8}.Debug|x86.Build.0 = Debug|Any CPU
		{967B98DE-8ED1-4F8A-9C26-C3C9255F8EB8}.Release|Any CPU.ActiveCfg = Release|Any CPU
		{967B98DE-8ED1-4F8A-9C26-C3C9255F8EB8}.Release|Any CPU.Build.0 = Release|Any CPU
		{967B98DE-8ED1-4F8A-9C26-C3C9255F8EB8}.Release|x64.ActiveCfg = Release|x64
		{967B98DE-8ED1-4F8A-9C26-C3C9255F8EB8}.Release|x64.Build.0 = Release|x64
		{967B98DE-8ED1-4F8A-9C26-C3C9255F8EB8}.Release|x86.ActiveCfg = Release|Any CPU
		{967B98DE-8ED1-4F8A-9C26-C3C9255F8EB8}.Release|x86.Build.0 = Release|Any CPU
	EndGlobalSection
	GlobalSection(SolutionProperties) = preSolution
		HideSolutionNode = FALSE
	EndGlobalSection
	GlobalSection(ExtensibilityGlobals) = postSolution
		SolutionGuid = {36168D44-17DA-4C2E-90AA-ABC0E4CDAEA8}
	EndGlobalSection
EndGlobal
